// !$*UTF8*$!
{
	archiveVersion = 1;
	classes = {
	};
	objectVersion = 48;
	objects = {

/* Begin PBXBuildFile section */
		838797DA202BD1F2009406B2 /* AppDelegate.swift in Sources */ = {isa = PBXBuildFile; fileRef = 838797D9202BD1F2009406B2 /* AppDelegate.swift */; };
		838797DC202BD1F2009406B2 /* ViewController.swift in Sources */ = {isa = PBXBuildFile; fileRef = 838797DB202BD1F2009406B2 /* ViewController.swift */; };
		838797DF202BD1F2009406B2 /* Main.storyboard in Resources */ = {isa = PBXBuildFile; fileRef = 838797DD202BD1F2009406B2 /* Main.storyboard */; };
		838797E1202BD1F2009406B2 /* Assets.xcassets in Resources */ = {isa = PBXBuildFile; fileRef = 838797E0202BD1F2009406B2 /* Assets.xcassets */; };
		838797E4202BD1F2009406B2 /* LaunchScreen.storyboard in Resources */ = {isa = PBXBuildFile; fileRef = 838797E2202BD1F2009406B2 /* LaunchScreen.storyboard */; };
		838797EF202BD1F2009406B2 /* Cell_Triage_GuideTests.swift in Sources */ = {isa = PBXBuildFile; fileRef = 838797EE202BD1F2009406B2 /* Cell_Triage_GuideTests.swift */; };
/* End PBXBuildFile section */

/* Begin PBXContainerItemProxy section */
		838797EB202BD1F2009406B2 /* PBXContainerItemProxy */ = {
			isa = PBXContainerItemProxy;
			containerPortal = 838797CE202BD1F2009406B2 /* Project object */;
			proxyType = 1;
			remoteGlobalIDString = 838797D5202BD1F2009406B2;
			remoteInfo = "Cell Triage Guide";
		};
/* End PBXContainerItemProxy section */

/* Begin PBXFileReference section */
		838797D6202BD1F2009406B2 /* Cell Triage Guide.app */ = {isa = PBXFileReference; explicitFileType = wrapper.application; includeInIndex = 0; path = "Cell Triage Guide.app"; sourceTree = BUILT_PRODUCTS_DIR; };
		838797D9202BD1F2009406B2 /* AppDelegate.swift */ = {isa = PBXFileReference; lastKnownFileType = sourcecode.swift; path = AppDelegate.swift; sourceTree = "<group>"; };
		838797DB202BD1F2009406B2 /* ViewController.swift */ = {isa = PBXFileReference; lastKnownFileType = sourcecode.swift; path = ViewController.swift; sourceTree = "<group>"; };
		838797DE202BD1F2009406B2 /* Base */ = {isa = PBXFileReference; lastKnownFileType = file.storyboard; name = Base; path = Base.lproj/Main.storyboard; sourceTree = "<group>"; };
		838797E0202BD1F2009406B2 /* Assets.xcassets */ = {isa = PBXFileReference; lastKnownFileType = folder.assetcatalog; path = Assets.xcassets; sourceTree = "<group>"; };
		838797E3202BD1F2009406B2 /* Base */ = {isa = PBXFileReference; lastKnownFileType = file.storyboard; name = Base; path = Base.lproj/LaunchScreen.storyboard; sourceTree = "<group>"; };
		838797E5202BD1F2009406B2 /* Info.plist */ = {isa = PBXFileReference; lastKnownFileType = text.plist.xml; path = Info.plist; sourceTree = "<group>"; };
		838797EA202BD1F2009406B2 /* Cell Triage GuideTests.xctest */ = {isa = PBXFileReference; explicitFileType = wrapper.cfbundle; includeInIndex = 0; path = "Cell Triage GuideTests.xctest"; sourceTree = BUILT_PRODUCTS_DIR; };
		838797EE202BD1F2009406B2 /* Cell_Triage_GuideTests.swift */ = {isa = PBXFileReference; lastKnownFileType = sourcecode.swift; path = Cell_Triage_GuideTests.swift; sourceTree = "<group>"; };
		838797F0202BD1F2009406B2 /* Info.plist */ = {isa = PBXFileReference; lastKnownFileType = text.plist.xml; path = Info.plist; sourceTree = "<group>"; };
/* End PBXFileReference section */

/* Begin PBXFrameworksBuildPhase section */
		838797D3202BD1F2009406B2 /* Frameworks */ = {
			isa = PBXFrameworksBuildPhase;
			buildActionMask = 2147483647;
			files = (
			);
			runOnlyForDeploymentPostprocessing = 0;
		};
		838797E7202BD1F2009406B2 /* Frameworks */ = {
			isa = PBXFrameworksBuildPhase;
			buildActionMask = 2147483647;
			files = (
			);
			runOnlyForDeploymentPostprocessing = 0;
		};
/* End PBXFrameworksBuildPhase section */

/* Begin PBXGroup section */
		838797CD202BD1F2009406B2 = {
			isa = PBXGroup;
			children = (
				838797D8202BD1F2009406B2 /* Cell Triage Guide */,
				838797ED202BD1F2009406B2 /* Cell Triage GuideTests */,
				838797D7202BD1F2009406B2 /* Products */,
			);
			sourceTree = "<group>";
		};
		838797D7202BD1F2009406B2 /* Products */ = {
			isa = PBXGroup;
			children = (
				838797D6202BD1F2009406B2 /* Cell Triage Guide.app */,
				838797EA202BD1F2009406B2 /* Cell Triage GuideTests.xctest */,
			);
			name = Products;
			sourceTree = "<group>";
		};
		838797D8202BD1F2009406B2 /* Cell Triage Guide */ = {
			isa = PBXGroup;
			children = (
				838797D9202BD1F2009406B2 /* AppDelegate.swift */,
				838797DB202BD1F2009406B2 /* ViewController.swift */,
				838797DD202BD1F2009406B2 /* Main.storyboard */,
				838797E0202BD1F2009406B2 /* Assets.xcassets */,
				838797E2202BD1F2009406B2 /* LaunchScreen.storyboard */,
				838797E5202BD1F2009406B2 /* Info.plist */,
			);
			path = "Cell Triage Guide";
			sourceTree = "<group>";
		};
		838797ED202BD1F2009406B2 /* Cell Triage GuideTests */ = {
			isa = PBXGroup;
			children = (
				838797EE202BD1F2009406B2 /* Cell_Triage_GuideTests.swift */,
				838797F0202BD1F2009406B2 /* Info.plist */,
			);
			path = "Cell Triage GuideTests";
			sourceTree = "<group>";
		};
/* End PBXGroup section */

/* Begin PBXNativeTarget section */
		838797D5202BD1F2009406B2 /* Cell Triage Guide */ = {
			isa = PBXNativeTarget;
			buildConfigurationList = 838797F3202BD1F2009406B2 /* Build configuration list for PBXNativeTarget "Cell Triage Guide" */;
			buildPhases = (
				838797D2202BD1F2009406B2 /* Sources */,
				838797D3202BD1F2009406B2 /* Frameworks */,
				838797D4202BD1F2009406B2 /* Resources */,
			);
			buildRules = (
			);
			dependencies = (
			);
			name = "Cell Triage Guide";
			productName = "Cell Triage Guide";
			productReference = 838797D6202BD1F2009406B2 /* Cell Triage Guide.app */;
			productType = "com.apple.product-type.application";
		};
		838797E9202BD1F2009406B2 /* Cell Triage GuideTests */ = {
			isa = PBXNativeTarget;
			buildConfigurationList = 838797F6202BD1F2009406B2 /* Build configuration list for PBXNativeTarget "Cell Triage GuideTests" */;
			buildPhases = (
				838797E6202BD1F2009406B2 /* Sources */,
				838797E7202BD1F2009406B2 /* Frameworks */,
				838797E8202BD1F2009406B2 /* Resources */,
			);
			buildRules = (
			);
			dependencies = (
				838797EC202BD1F2009406B2 /* PBXTargetDependency */,
			);
			name = "Cell Triage GuideTests";
			productName = "Cell Triage GuideTests";
			productReference = 838797EA202BD1F2009406B2 /* Cell Triage GuideTests.xctest */;
			productType = "com.apple.product-type.bundle.unit-test";
		};
/* End PBXNativeTarget section */

/* Begin PBXProject section */
		838797CE202BD1F2009406B2 /* Project object */ = {
			isa = PBXProject;
			attributes = {
				LastSwiftUpdateCheck = 0920;
				LastUpgradeCheck = 0920;
				ORGANIZATIONNAME = "Tacoma Police Department";
				TargetAttributes = {
					838797D5202BD1F2009406B2 = {
						CreatedOnToolsVersion = 9.2;
						ProvisioningStyle = Automatic;
					};
					838797E9202BD1F2009406B2 = {
						CreatedOnToolsVersion = 9.2;
						ProvisioningStyle = Automatic;
						TestTargetID = 838797D5202BD1F2009406B2;
					};
				};
			};
			buildConfigurationList = 838797D1202BD1F2009406B2 /* Build configuration list for PBXProject "Cell Triage Guide" */;
			compatibilityVersion = "Xcode 8.0";
			developmentRegion = en;
			hasScannedForEncodings = 0;
			knownRegions = (
				en,
				Base,
			);
			mainGroup = 838797CD202BD1F2009406B2;
			productRefGroup = 838797D7202BD1F2009406B2 /* Products */;
			projectDirPath = "";
			projectRoot = "";
			targets = (
				838797D5202BD1F2009406B2 /* Cell Triage Guide */,
				838797E9202BD1F2009406B2 /* Cell Triage GuideTests */,
			);
		};
/* End PBXProject section */

/* Begin PBXResourcesBuildPhase section */
		838797D4202BD1F2009406B2 /* Resources */ = {
			isa = PBXResourcesBuildPhase;
			buildActionMask = 2147483647;
			files = (
				838797E4202BD1F2009406B2 /* LaunchScreen.storyboard in Resources */,
				838797E1202BD1F2009406B2 /* Assets.xcassets in Resources */,
				838797DF202BD1F2009406B2 /* Main.storyboard in Resources */,
			);
			runOnlyForDeploymentPostprocessing = 0;
		};
		838797E8202BD1F2009406B2 /* Resources */ = {
			isa = PBXResourcesBuildPhase;
			buildActionMask = 2147483647;
			files = (
			);
			runOnlyForDeploymentPostprocessing = 0;
		};
/* End PBXResourcesBuildPhase section */

/* Begin PBXSourcesBuildPhase section */
		838797D2202BD1F2009406B2 /* Sources */ = {
			isa = PBXSourcesBuildPhase;
			buildActionMask = 2147483647;
			files = (
				838797DC202BD1F2009406B2 /* ViewController.swift in Sources */,
				838797DA202BD1F2009406B2 /* AppDelegate.swift in Sources */,
			);
			runOnlyForDeploymentPostprocessing = 0;
		};
		838797E6202BD1F2009406B2 /* Sources */ = {
			isa = PBXSourcesBuildPhase;
			buildActionMask = 2147483647;
			files = (
				838797EF202BD1F2009406B2 /* Cell_Triage_GuideTests.swift in Sources */,
			);
			runOnlyForDeploymentPostprocessing = 0;
		};
/* End PBXSourcesBuildPhase section */

/* Begin PBXTargetDependency section */
		838797EC202BD1F2009406B2 /* PBXTargetDependency */ = {
			isa = PBXTargetDependency;
			target = 838797D5202BD1F2009406B2 /* Cell Triage Guide */;
			targetProxy = 838797EB202BD1F2009406B2 /* PBXContainerItemProxy */;
		};
/* End PBXTargetDependency section */

/* Begin PBXVariantGroup section */
		838797DD202BD1F2009406B2 /* Main.storyboard */ = {
			isa = PBXVariantGroup;
			children = (
				838797DE202BD1F2009406B2 /* Base */,
			);
			name = Main.storyboard;
			sourceTree = "<group>";
		};
		838797E2202BD1F2009406B2 /* LaunchScreen.storyboard */ = {
			isa = PBXVariantGroup;
			children = (
				838797E3202BD1F2009406B2 /* Base */,
			);
			name = LaunchScreen.storyboard;
			sourceTree = "<group>";
		};
/* End PBXVariantGroup section */

/* Begin XCBuildConfiguration section */
		838797F1202BD1F2009406B2 /* Debug */ = {
			isa = XCBuildConfiguration;
			buildSettings = {
				ALWAYS_SEARCH_USER_PATHS = NO;
				CLANG_ANALYZER_NONNULL = YES;
				CLANG_ANALYZER_NUMBER_OBJECT_CONVERSION = YES_AGGRESSIVE;
				CLANG_CXX_LANGUAGE_STANDARD = "gnu++14";
				CLANG_CXX_LIBRARY = "libc++";
				CLANG_ENABLE_MODULES = YES;
				CLANG_ENABLE_OBJC_ARC = YES;
				CLANG_WARN_BLOCK_CAPTURE_AUTORELEASING = YES;
				CLANG_WARN_BOOL_CONVERSION = YES;
				CLANG_WARN_COMMA = YES;
				CLANG_WARN_CONSTANT_CONVERSION = YES;
				CLANG_WARN_DIRECT_OBJC_ISA_USAGE = YES_ERROR;
				CLANG_WARN_DOCUMENTATION_COMMENTS = YES;
				CLANG_WARN_EMPTY_BODY = YES;
				CLANG_WARN_ENUM_CONVERSION = YES;
				CLANG_WARN_INFINITE_RECURSION = YES;
				CLANG_WARN_INT_CONVERSION = YES;
				CLANG_WARN_NON_LITERAL_NULL_CONVERSION = YES;
				CLANG_WARN_OBJC_LITERAL_CONVERSION = YES;
				CLANG_WARN_OBJC_ROOT_CLASS = YES_ERROR;
				CLANG_WARN_RANGE_LOOP_ANALYSIS = YES;
				CLANG_WARN_STRICT_PROTOTYPES = YES;
				CLANG_WARN_SUSPICIOUS_MOVE = YES;
				CLANG_WARN_UNGUARDED_AVAILABILITY = YES_AGGRESSIVE;
				CLANG_WARN_UNREACHABLE_CODE = YES;
				CLANG_WARN__DUPLICATE_METHOD_MATCH = YES;
				CODE_SIGN_IDENTITY = "iPhone Developer";
				COPY_PHASE_STRIP = NO;
				DEBUG_INFORMATION_FORMAT = dwarf;
				ENABLE_STRICT_OBJC_MSGSEND = YES;
				ENABLE_TESTABILITY = YES;
				GCC_C_LANGUAGE_STANDARD = gnu11;
				GCC_DYNAMIC_NO_PIC = NO;
				GCC_NO_COMMON_BLOCKS = YES;
				GCC_OPTIMIZATION_LEVEL = 0;
				GCC_PREPROCESSOR_DEFINITIONS = (
					"DEBUG=1",
					"$(inherited)",
				);
				GCC_WARN_64_TO_32_BIT_CONVERSION = YES;
				GCC_WARN_ABOUT_RETURN_TYPE = YES_ERROR;
				GCC_WARN_UNDECLARED_SELECTOR = YES;
				GCC_WARN_UNINITIALIZED_AUTOS = YES_AGGRESSIVE;
				GCC_WARN_UNUSED_FUNCTION = YES;
				GCC_WARN_UNUSED_VARIABLE = YES;
				IPHONEOS_DEPLOYMENT_TARGET = 11.2;
				MTL_ENABLE_DEBUG_INFO = YES;
				ONLY_ACTIVE_ARCH = YES;
				SDKROOT = iphoneos;
				SWIFT_ACTIVE_COMPILATION_CONDITIONS = DEBUG;
				SWIFT_OPTIMIZATION_LEVEL = "-Onone";
			};
			name = Debug;
		};
		838797F2202BD1F2009406B2 /* Release */ = {
			isa = XCBuildConfiguration;
			buildSettings = {
				ALWAYS_SEARCH_USER_PATHS = NO;
				CLANG_ANALYZER_NONNULL = YES;
				CLANG_ANALYZER_NUMBER_OBJECT_CONVERSION = YES_AGGRESSIVE;
				CLANG_CXX_LANGUAGE_STANDARD = "gnu++14";
				CLANG_CXX_LIBRARY = "libc++";
				CLANG_ENABLE_MODULES = YES;
				CLANG_ENABLE_OBJC_ARC = YES;
				CLANG_WARN_BLOCK_CAPTURE_AUTORELEASING = YES;
				CLANG_WARN_BOOL_CONVERSION = YES;
				CLANG_WARN_COMMA = YES;
				CLANG_WARN_CONSTANT_CONVERSION = YES;
				CLANG_WARN_DIRECT_OBJC_ISA_USAGE = YES_ERROR;
				CLANG_WARN_DOCUMENTATION_COMMENTS = YES;
				CLANG_WARN_EMPTY_BODY = YES;
				CLANG_WARN_ENUM_CONVERSION = YES;
				CLANG_WARN_INFINITE_RECURSION = YES;
				CLANG_WARN_INT_CONVERSION = YES;
				CLANG_WARN_NON_LITERAL_NULL_CONVERSION = YES;
				CLANG_WARN_OBJC_LITERAL_CONVERSION = YES;
				CLANG_WARN_OBJC_ROOT_CLASS = YES_ERROR;
				CLANG_WARN_RANGE_LOOP_ANALYSIS = YES;
				CLANG_WARN_STRICT_PROTOTYPES = YES;
				CLANG_WARN_SUSPICIOUS_MOVE = YES;
				CLANG_WARN_UNGUARDED_AVAILABILITY = YES_AGGRESSIVE;
				CLANG_WARN_UNREACHABLE_CODE = YES;
				CLANG_WARN__DUPLICATE_METHOD_MATCH = YES;
				CODE_SIGN_IDENTITY = "iPhone Developer";
				COPY_PHASE_STRIP = NO;
				DEBUG_INFORMATION_FORMAT = "dwarf-with-dsym";
				ENABLE_NS_ASSERTIONS = NO;
				ENABLE_STRICT_OBJC_MSGSEND = YES;
				GCC_C_LANGUAGE_STANDARD = gnu11;
				GCC_NO_COMMON_BLOCKS = YES;
				GCC_WARN_64_TO_32_BIT_CONVERSION = YES;
				GCC_WARN_ABOUT_RETURN_TYPE = YES_ERROR;
				GCC_WARN_UNDECLARED_SELECTOR = YES;
				GCC_WARN_UNINITIALIZED_AUTOS = YES_AGGRESSIVE;
				GCC_WARN_UNUSED_FUNCTION = YES;
				GCC_WARN_UNUSED_VARIABLE = YES;
				IPHONEOS_DEPLOYMENT_TARGET = 11.2;
				MTL_ENABLE_DEBUG_INFO = NO;
				SDKROOT = iphoneos;
				SWIFT_OPTIMIZATION_LEVEL = "-Owholemodule";
				VALIDATE_PRODUCT = YES;
			};
			name = Release;
		};
		838797F4202BD1F2009406B2 /* Debug */ = {
			isa = XCBuildConfiguration;
			buildSettings = {
				ASSETCATALOG_COMPILER_APPICON_NAME = AppIcon;
				CODE_SIGN_STYLE = Automatic;
				DEVELOPMENT_TEAM = F4G6QW52VZ;
				INFOPLIST_FILE = "Cell Triage Guide/Info.plist";
				LD_RUNPATH_SEARCH_PATHS = "$(inherited) @executable_path/Frameworks";
				PRODUCT_BUNDLE_IDENTIFIER = "TPD.Cell-Triage-Guide";
				PRODUCT_NAME = "$(TARGET_NAME)";
				SWIFT_VERSION = 4.0;
				TARGETED_DEVICE_FAMILY = "1,2";
			};
			name = Debug;
		};
		838797F5202BD1F2009406B2 /* Release */ = {
			isa = XCBuildConfiguration;
			buildSettings = {
				ASSETCATALOG_COMPILER_APPICON_NAME = AppIcon;
				CODE_SIGN_STYLE = Automatic;
				DEVELOPMENT_TEAM = F4G6QW52VZ;
				INFOPLIST_FILE = "Cell Triage Guide/Info.plist";
				LD_RUNPATH_SEARCH_PATHS = "$(inherited) @executable_path/Frameworks";
				PRODUCT_BUNDLE_IDENTIFIER = "TPD.Cell-Triage-Guide";
				PRODUCT_NAME = "$(TARGET_NAME)";
				SWIFT_VERSION = 4.0;
				TARGETED_DEVICE_FAMILY = "1,2";
			};
			name = Release;
		};
		838797F7202BD1F2009406B2 /* Debug */ = {
			isa = XCBuildConfiguration;
			buildSettings = {
				ALWAYS_EMBED_SWIFT_STANDARD_LIBRARIES = YES;
				BUNDLE_LOADER = "$(TEST_HOST)";
				CODE_SIGN_STYLE = Automatic;
				DEVELOPMENT_TEAM = F4G6QW52VZ;
				INFOPLIST_FILE = "Cell Triage GuideTests/Info.plist";
				LD_RUNPATH_SEARCH_PATHS = "$(inherited) @executable_path/Frameworks @loader_path/Frameworks";
				PRODUCT_BUNDLE_IDENTIFIER = "TPD.Cell-Triage-GuideTests";
				PRODUCT_NAME = "$(TARGET_NAME)";
				SWIFT_VERSION = 4.0;
				TARGETED_DEVICE_FAMILY = "1,2";
				TEST_HOST = "$(BUILT_PRODUCTS_DIR)/Cell Triage Guide.app/Cell Triage Guide";
			};
			name = Debug;
		};
		838797F8202BD1F2009406B2 /* Release */ = {
			isa = XCBuildConfiguration;
			buildSettings = {
				ALWAYS_EMBED_SWIFT_STANDARD_LIBRARIES = YES;
				BUNDLE_LOADER = "$(TEST_HOST)";
				CODE_SIGN_STYLE = Automatic;
				DEVELOPMENT_TEAM = F4G6QW52VZ;
				INFOPLIST_FILE = "Cell Triage GuideTests/Info.plist";
				LD_RUNPATH_SEARCH_PATHS = "$(inherited) @executable_path/Frameworks @loader_path/Frameworks";
				PRODUCT_BUNDLE_IDENTIFIER = "TPD.Cell-Triage-GuideTests";
				PRODUCT_NAME = "$(TARGET_NAME)";
				SWIFT_VERSION = 4.0;
				TARGETED_DEVICE_FAMILY = "1,2";
				TEST_HOST = "$(BUILT_PRODUCTS_DIR)/Cell Triage Guide.app/Cell Triage Guide";
			};
			name = Release;
		};
/* End XCBuildConfiguration section */

/* Begin XCConfigurationList section */
		838797D1202BD1F2009406B2 /* Build configuration list for PBXProject "Cell Triage Guide" */ = {
			isa = XCConfigurationList;
			buildConfigurations = (
				838797F1202BD1F2009406B2 /* Debug */,
				838797F2202BD1F2009406B2 /* Release */,
			);
			defaultConfigurationIsVisible = 0;
			defaultConfigurationName = Release;
		};
		838797F3202BD1F2009406B2 /* Build configuration list for PBXNativeTarget "Cell Triage Guide" */ = {
			isa = XCConfigurationList;
			buildConfigurations = (
				838797F4202BD1F2009406B2 /* Debug */,
				838797F5202BD1F2009406B2 /* Release */,
			);
			defaultConfigurationIsVisible = 0;
			defaultConfigurationName = Release;
		};
		838797F6202BD1F2009406B2 /* Build configuration list for PBXNativeTarget "Cell Triage GuideTests" */ = {
			isa = XCConfigurationList;
			buildConfigurations = (
				838797F7202BD1F2009406B2 /* Debug */,
				838797F8202BD1F2009406B2 /* Release */,
			);
			defaultConfigurationIsVisible = 0;
			defaultConfigurationName = Release;
		};
/* End XCConfigurationList section */
	};
	rootObject = 838797CE202BD1F2009406B2 /* Project object */;
}
